
Microsoft Visual Studio Solution File, Format Version 12.00
# Visual Studio 15
VisualStudioVersion = 15.0.26403.7
MinimumVisualStudioVersion = 10.0.40219.1
Project("{9A19103F-16F7-4668-BE54-9A1E7A4F7556}") = "WebApplication", "WebApplication.csproj", "{BB3C4F76-812A-485E-89E8-5E90CE0E47D2}"
EndProject
Project("{FAE04EC0-301F-11D3-BF4B-00C04F79EFBC}") = "Service", "..\Service\Service.csproj", "{2F4C8990-E082-4F18-BAD1-8AD49487DD1D}"
EndProject
Project("{00D1A9C2-B5F0-4AF3-8072-F6C62B433612}") = "Database", "..\..\Database\Database.sqlproj", "{378231C8-3AE6-4DF2-983F-C7C3DF85C342}"
EndProject
Project("{FAE04EC0-301F-11D3-BF4B-00C04F79EFBC}") = "Repository", "..\Repository\Repository.csproj", "{797FF1DF-43CD-47CF-AAD7-A8A73D0C994D}"
EndProject
Global
	GlobalSection(SolutionConfigurationPlatforms) = preSolution
		Debug|Any CPU = Debug|Any CPU
		Release|Any CPU = Release|Any CPU
	EndGlobalSection
	GlobalSection(ProjectConfigurationPlatforms) = postSolution
		{BB3C4F76-812A-485E-89E8-5E90CE0E47D2}.Debug|Any CPU.ActiveCfg = Debug|Any CPU
		{BB3C4F76-812A-485E-89E8-5E90CE0E47D2}.Debug|Any CPU.Build.0 = Debug|Any CPU
		{BB3C4F76-812A-485E-89E8-5E90CE0E47D2}.Release|Any CPU.ActiveCfg = Release|Any CPU
		{BB3C4F76-812A-485E-89E8-5E90CE0E47D2}.Release|Any CPU.Build.0 = Release|Any CPU
		{2F4C8990-E082-4F18-BAD1-8AD49487DD1D}.Debug|Any CPU.ActiveCfg = Debug|Any CPU
		{2F4C8990-E082-4F18-BAD1-8AD49487DD1D}.Debug|Any CPU.Build.0 = Debug|Any CPU
		{2F4C8990-E082-4F18-BAD1-8AD49487DD1D}.Release|Any CPU.ActiveCfg = Release|Any CPU
		{2F4C8990-E082-4F18-BAD1-8AD49487DD1D}.Release|Any CPU.Build.0 = Release|Any CPU
		{378231C8-3AE6-4DF2-983F-C7C3DF85C342}.Debug|Any CPU.ActiveCfg = Debug|Any CPU
		{378231C8-3AE6-4DF2-983F-C7C3DF85C342}.Debug|Any CPU.Build.0 = Debug|Any CPU
		{378231C8-3AE6-4DF2-983F-C7C3DF85C342}.Debug|Any CPU.Deploy.0 = Debug|Any CPU
		{378231C8-3AE6-4DF2-983F-C7C3DF85C342}.Release|Any CPU.ActiveCfg = Release|Any CPU
		{378231C8-3AE6-4DF2-983F-C7C3DF85C342}.Release|Any CPU.Build.0 = Release|Any CPU
		{378231C8-3AE6-4DF2-983F-C7C3DF85C342}.Release|Any CPU.Deploy.0 = Release|Any CPU
		{797FF1DF-43CD-47CF-AAD7-A8A73D0C994D}.Debug|Any CPU.ActiveCfg = Debug|Any CPU
		{797FF1DF-43CD-47CF-AAD7-A8A73D0C994D}.Debug|Any CPU.Build.0 = Debug|Any CPU
		{797FF1DF-43CD-47CF-AAD7-A8A73D0C994D}.Release|Any CPU.ActiveCfg = Release|Any CPU
		{797FF1DF-43CD-47CF-AAD7-A8A73D0C994D}.Release|Any CPU.Build.0 = Release|Any CPU
	EndGlobalSection
	GlobalSection(SolutionProperties) = preSolution
		HideSolutionNode = FALSE
	EndGlobalSection
EndGlobal
